
Microsoft Visual Studio Solution File, Format Version 12.00
# Visual Studio Version 17
VisualStudioVersion = 17.1.32407.343
MinimumVisualStudioVersion = 10.0.40219.1
Project("{FAE04EC0-301F-11D3-BF4B-00C04F79EFBC}") = "InputToolkit", "InputToolkit.csproj", "{549AFC55-D95F-4A17-B96C-B54C34FCAFB9}"
EndProject
Global
	GlobalSection(SolutionConfigurationPlatforms) = preSolution
		Debug|Any CPU = Debug|Any CPU
		Release|Any CPU = Release|Any CPU
	EndGlobalSection
	GlobalSection(ProjectConfigurationPlatforms) = postSolution
		{549AFC55-D95F-4A17-B96C-B54C34FCAFB9}.Debug|Any CPU.ActiveCfg = Debug|Any CPU
		{549AFC55-D95F-4A17-B96C-B54C34FCAFB9}.Debug|Any CPU.Build.0 = Debug|Any CPU
		{549AFC55-D95F-4A17-B96C-B54C34FCAFB9}.Release|Any CPU.ActiveCfg = Release|Any CPU
		{549AFC55-D95F-4A17-B96C-B54C34FCAFB9}.Release|Any CPU.Build.0 = Release|Any CPU
	EndGlobalSection
	GlobalSection(SolutionProperties) = preSolution
		HideSolutionNode = FALSE
	EndGlobalSection
	GlobalSection(ExtensibilityGlobals) = postSolution
		SolutionGuid = {CDA0A532-41BA-4FF2-898B-7AC8B9225E43}
	EndGlobalSection
EndGlobal
